{
  "name": "dateplugin",
  "version": "1.0.0",
  "lockfileVersion": 3,
  "requires": true,
  "packages": {
    "": {
      "name": "dateplugin",
      "version": "1.0.0",
      "license": "ISC",
      "dependencies": {
        "joplin-plugin-api": "^0.1.0"
      }
    },
    "node_modules/joplin-plugin-api": {
      "version": "0.1.0",
      "resolved": "https://registry.npmjs.org/joplin-plugin-api/-/joplin-plugin-api-0.1.0.tgz",
      "integrity": "sha512-x6inW7Zlxy3wvt56VASKdwZ5yZkiOla07JsvQvOoQyD2bFHJG7xWmJ+NltqOaVD12Bs3MvhE+/Nj1p6S8RYWIw=="
    }
  }
}
